// !$*UTF8*$!
{
	archiveVersion = 1;
	classes = {
	};
	objectVersion = 56;
	objects = {

/* Begin PBXBuildFile section */
		890E57332A02004D00B4DF42 /* RootView.swift in Sources */ = {isa = PBXBuildFile; fileRef = 890E57322A02004D00B4DF42 /* RootView.swift */; };
		890E57372A0202FC00B4DF42 /* SettingsView.swift in Sources */ = {isa = PBXBuildFile; fileRef = 890E57362A0202FC00B4DF42 /* SettingsView.swift */; };
		8933E1C429FFED2800034EA4 /* AuthentificationView.swift in Sources */ = {isa = PBXBuildFile; fileRef = 8933E1C329FFED2800034EA4 /* AuthentificationView.swift */; };
		8933E1C829FFEE9800034EA4 /* SignInEmailView.swift in Sources */ = {isa = PBXBuildFile; fileRef = 8933E1C729FFEE9800034EA4 /* SignInEmailView.swift */; };
		8933E1CA29FFF23000034EA4 /* AuthentificationManager.swift in Sources */ = {isa = PBXBuildFile; fileRef = 8933E1C929FFF23000034EA4 /* AuthentificationManager.swift */; };
		897B500729FBFADA00EE46F8 /* GoogleService-Info.plist in Resources */ = {isa = PBXBuildFile; fileRef = 897B500629FBFADA00EE46F8 /* GoogleService-Info.plist */; };
		897B500A29FBFCBD00EE46F8 /* FirebaseAuth in Frameworks */ = {isa = PBXBuildFile; productRef = 897B500929FBFCBD00EE46F8 /* FirebaseAuth */; };
		897B500C29FBFCBD00EE46F8 /* FirebaseFirestore in Frameworks */ = {isa = PBXBuildFile; productRef = 897B500B29FBFCBD00EE46F8 /* FirebaseFirestore */; };
		89F6E4A029F9AB9800558BD2 /* SwiftAuthentificationApp.swift in Sources */ = {isa = PBXBuildFile; fileRef = 89F6E49F29F9AB9800558BD2 /* SwiftAuthentificationApp.swift */; };
		89F6E4A229F9AB9800558BD2 /* ContentView.swift in Sources */ = {isa = PBXBuildFile; fileRef = 89F6E4A129F9AB9800558BD2 /* ContentView.swift */; };
		89F6E4A429F9AB9E00558BD2 /* Assets.xcassets in Resources */ = {isa = PBXBuildFile; fileRef = 89F6E4A329F9AB9E00558BD2 /* Assets.xcassets */; };
		89F6E4A729F9AB9E00558BD2 /* Preview Assets.xcassets in Resources */ = {isa = PBXBuildFile; fileRef = 89F6E4A629F9AB9E00558BD2 /* Preview Assets.xcassets */; };
/* End PBXBuildFile section */

/* Begin PBXFileReference section */
		890E57322A02004D00B4DF42 /* RootView.swift */ = {isa = PBXFileReference; lastKnownFileType = sourcecode.swift; path = RootView.swift; sourceTree = "<group>"; };
		890E57362A0202FC00B4DF42 /* SettingsView.swift */ = {isa = PBXFileReference; lastKnownFileType = sourcecode.swift; path = SettingsView.swift; sourceTree = "<group>"; };
		8933E1C329FFED2800034EA4 /* AuthentificationView.swift */ = {isa = PBXFileReference; lastKnownFileType = sourcecode.swift; path = AuthentificationView.swift; sourceTree = "<group>"; };
		8933E1C729FFEE9800034EA4 /* SignInEmailView.swift */ = {isa = PBXFileReference; lastKnownFileType = sourcecode.swift; path = SignInEmailView.swift; sourceTree = "<group>"; };
		8933E1C929FFF23000034EA4 /* AuthentificationManager.swift */ = {isa = PBXFileReference; lastKnownFileType = sourcecode.swift; path = AuthentificationManager.swift; sourceTree = "<group>"; };
		897B500629FBFADA00EE46F8 /* GoogleService-Info.plist */ = {isa = PBXFileReference; fileEncoding = 4; lastKnownFileType = text.plist.xml; path = "GoogleService-Info.plist"; sourceTree = "<group>"; };
		89F6E49C29F9AB9800558BD2 /* SwiftAuthentification.app */ = {isa = PBXFileReference; explicitFileType = wrapper.application; includeInIndex = 0; path = SwiftAuthentification.app; sourceTree = BUILT_PRODUCTS_DIR; };
		89F6E49F29F9AB9800558BD2 /* SwiftAuthentificationApp.swift */ = {isa = PBXFileReference; lastKnownFileType = sourcecode.swift; path = SwiftAuthentificationApp.swift; sourceTree = "<group>"; };
		89F6E4A129F9AB9800558BD2 /* ContentView.swift */ = {isa = PBXFileReference; lastKnownFileType = sourcecode.swift; path = ContentView.swift; sourceTree = "<group>"; };
		89F6E4A329F9AB9E00558BD2 /* Assets.xcassets */ = {isa = PBXFileReference; lastKnownFileType = folder.assetcatalog; path = Assets.xcassets; sourceTree = "<group>"; };
		89F6E4A629F9AB9E00558BD2 /* Preview Assets.xcassets */ = {isa = PBXFileReference; lastKnownFileType = folder.assetcatalog; path = "Preview Assets.xcassets"; sourceTree = "<group>"; };
/* End PBXFileReference section */

/* Begin PBXFrameworksBuildPhase section */
		89F6E49929F9AB9800558BD2 /* Frameworks */ = {
			isa = PBXFrameworksBuildPhase;
			buildActionMask = 2147483647;
			files = (
				897B500A29FBFCBD00EE46F8 /* FirebaseAuth in Frameworks */,
				897B500C29FBFCBD00EE46F8 /* FirebaseFirestore in Frameworks */,
			);
			runOnlyForDeploymentPostprocessing = 0;
		};
/* End PBXFrameworksBuildPhase section */

/* Begin PBXGroup section */
		8933E1C029FFEC7B00034EA4 /* Auth */ = {
			isa = PBXGroup;
			children = (
				890E57322A02004D00B4DF42 /* RootView.swift */,
				8933E1C329FFED2800034EA4 /* AuthentificationView.swift */,
				8933E1C729FFEE9800034EA4 /* SignInEmailView.swift */,
				890E57362A0202FC00B4DF42 /* SettingsView.swift */,
				8933E1C929FFF23000034EA4 /* AuthentificationManager.swift */,
			);
			path = Auth;
			sourceTree = "<group>";
		};
		89F6E49329F9AB9800558BD2 = {
			isa = PBXGroup;
			children = (
				89F6E49E29F9AB9800558BD2 /* SwiftAuthentification */,
				89F6E49D29F9AB9800558BD2 /* Products */,
			);
			sourceTree = "<group>";
		};
		89F6E49D29F9AB9800558BD2 /* Products */ = {
			isa = PBXGroup;
			children = (
				89F6E49C29F9AB9800558BD2 /* SwiftAuthentification.app */,
			);
			name = Products;
			sourceTree = "<group>";
		};
		89F6E49E29F9AB9800558BD2 /* SwiftAuthentification */ = {
			isa = PBXGroup;
			children = (
				8933E1C029FFEC7B00034EA4 /* Auth */,
				897B500629FBFADA00EE46F8 /* GoogleService-Info.plist */,
				89F6E49F29F9AB9800558BD2 /* SwiftAuthentificationApp.swift */,
				89F6E4A129F9AB9800558BD2 /* ContentView.swift */,
				89F6E4A329F9AB9E00558BD2 /* Assets.xcassets */,
				89F6E4A529F9AB9E00558BD2 /* Preview Content */,
			);
			path = SwiftAuthentification;
			sourceTree = "<group>";
		};
		89F6E4A529F9AB9E00558BD2 /* Preview Content */ = {
			isa = PBXGroup;
			children = (
				89F6E4A629F9AB9E00558BD2 /* Preview Assets.xcassets */,
			);
			path = "Preview Content";
			sourceTree = "<group>";
		};
/* End PBXGroup section */

/* Begin PBXNativeTarget section */
		89F6E49B29F9AB9800558BD2 /* SwiftAuthentification */ = {
			isa = PBXNativeTarget;
			buildConfigurationList = 89F6E4AA29F9AB9E00558BD2 /* Build configuration list for PBXNativeTarget "SwiftAuthentification" */;
			buildPhases = (
				89F6E49829F9AB9800558BD2 /* Sources */,
				89F6E49929F9AB9800558BD2 /* Frameworks */,
				89F6E49A29F9AB9800558BD2 /* Resources */,
			);
			buildRules = (
			);
			dependencies = (
			);
			name = SwiftAuthentification;
			packageProductDependencies = (
				897B500929FBFCBD00EE46F8 /* FirebaseAuth */,
				897B500B29FBFCBD00EE46F8 /* FirebaseFirestore */,
			);
			productName = SwiftAuthentification;
			productReference = 89F6E49C29F9AB9800558BD2 /* SwiftAuthentification.app */;
			productType = "com.apple.product-type.application";
		};
/* End PBXNativeTarget section */

/* Begin PBXProject section */
		89F6E49429F9AB9800558BD2 /* Project object */ = {
			isa = PBXProject;
			attributes = {
				BuildIndependentTargetsInParallel = 1;
				LastSwiftUpdateCheck = 1420;
				LastUpgradeCheck = 1420;
				TargetAttributes = {
					89F6E49B29F9AB9800558BD2 = {
						CreatedOnToolsVersion = 14.2;
					};
				};
			};
			buildConfigurationList = 89F6E49729F9AB9800558BD2 /* Build configuration list for PBXProject "SwiftAuthentification" */;
			compatibilityVersion = "Xcode 14.0";
			developmentRegion = en;
			hasScannedForEncodings = 0;
			knownRegions = (
				en,
				Base,
			);
			mainGroup = 89F6E49329F9AB9800558BD2;
			packageReferences = (
				897B500829FBFCBD00EE46F8 /* XCRemoteSwiftPackageReference "firebase-ios-sdk" */,
			);
			productRefGroup = 89F6E49D29F9AB9800558BD2 /* Products */;
			projectDirPath = "";
			projectRoot = "";
			targets = (
				89F6E49B29F9AB9800558BD2 /* SwiftAuthentification */,
			);
		};
/* End PBXProject section */

/* Begin PBXResourcesBuildPhase section */
		89F6E49A29F9AB9800558BD2 /* Resources */ = {
			isa = PBXResourcesBuildPhase;
			buildActionMask = 2147483647;
			files = (
				89F6E4A729F9AB9E00558BD2 /* Preview Assets.xcassets in Resources */,
				89F6E4A429F9AB9E00558BD2 /* Assets.xcassets in Resources */,
				897B500729FBFADA00EE46F8 /* GoogleService-Info.plist in Resources */,
			);
			runOnlyForDeploymentPostprocessing = 0;
		};
/* End PBXResourcesBuildPhase section */

/* Begin PBXSourcesBuildPhase section */
		89F6E49829F9AB9800558BD2 /* Sources */ = {
			isa = PBXSourcesBuildPhase;
			buildActionMask = 2147483647;
			files = (
				890E57372A0202FC00B4DF42 /* SettingsView.swift in Sources */,
				89F6E4A229F9AB9800558BD2 /* ContentView.swift in Sources */,
				89F6E4A029F9AB9800558BD2 /* SwiftAuthentificationApp.swift in Sources */,
				890E57332A02004D00B4DF42 /* RootView.swift in Sources */,
				8933E1C429FFED2800034EA4 /* AuthentificationView.swift in Sources */,
				8933E1C829FFEE9800034EA4 /* SignInEmailView.swift in Sources */,
				8933E1CA29FFF23000034EA4 /* AuthentificationManager.swift in Sources */,
			);
			runOnlyForDeploymentPostprocessing = 0;
		};
/* End PBXSourcesBuildPhase section */

/* Begin XCBuildConfiguration section */
		89F6E4A829F9AB9E00558BD2 /* Debug */ = {
			isa = XCBuildConfiguration;
			buildSettings = {
				ALWAYS_SEARCH_USER_PATHS = NO;
				CLANG_ANALYZER_NONNULL = YES;
				CLANG_ANALYZER_NUMBER_OBJECT_CONVERSION = YES_AGGRESSIVE;
				CLANG_CXX_LANGUAGE_STANDARD = "gnu++20";
				CLANG_ENABLE_MODULES = YES;
				CLANG_ENABLE_OBJC_ARC = YES;
				CLANG_ENABLE_OBJC_WEAK = YES;
				CLANG_WARN_BLOCK_CAPTURE_AUTORELEASING = YES;
				CLANG_WARN_BOOL_CONVERSION = YES;
				CLANG_WARN_COMMA = YES;
				CLANG_WARN_CONSTANT_CONVERSION = YES;
				CLANG_WARN_DEPRECATED_OBJC_IMPLEMENTATIONS = YES;
				CLANG_WARN_DIRECT_OBJC_ISA_USAGE = YES_ERROR;
				CLANG_WARN_DOCUMENTATION_COMMENTS = YES;
				CLANG_WARN_EMPTY_BODY = YES;
				CLANG_WARN_ENUM_CONVERSION = YES;
				CLANG_WARN_INFINITE_RECURSION = YES;
				CLANG_WARN_INT_CONVERSION = YES;
				CLANG_WARN_NON_LITERAL_NULL_CONVERSION = YES;
				CLANG_WARN_OBJC_IMPLICIT_RETAIN_SELF = YES;
				CLANG_WARN_OBJC_LITERAL_CONVERSION = YES;
				CLANG_WARN_OBJC_ROOT_CLASS = YES_ERROR;
				CLANG_WARN_QUOTED_INCLUDE_IN_FRAMEWORK_HEADER = YES;
				CLANG_WARN_RANGE_LOOP_ANALYSIS = YES;
				CLANG_WARN_STRICT_PROTOTYPES = YES;
				CLANG_WARN_SUSPICIOUS_MOVE = YES;
				CLANG_WARN_UNGUARDED_AVAILABILITY = YES_AGGRESSIVE;
				CLANG_WARN_UNREACHABLE_CODE = YES;
				CLANG_WARN__DUPLICATE_METHOD_MATCH = YES;
				COPY_PHASE_STRIP = NO;
				DEBUG_INFORMATION_FORMAT = dwarf;
				ENABLE_STRICT_OBJC_MSGSEND = YES;
				ENABLE_TESTABILITY = YES;
				GCC_C_LANGUAGE_STANDARD = gnu11;
				GCC_DYNAMIC_NO_PIC = NO;
				GCC_NO_COMMON_BLOCKS = YES;
				GCC_OPTIMIZATION_LEVEL = 0;
				GCC_PREPROCESSOR_DEFINITIONS = (
					"DEBUG=1",
					"$(inherited)",
				);
				GCC_WARN_64_TO_32_BIT_CONVERSION = YES;
				GCC_WARN_ABOUT_RETURN_TYPE = YES_ERROR;
				GCC_WARN_UNDECLARED_SELECTOR = YES;
				GCC_WARN_UNINITIALIZED_AUTOS = YES_AGGRESSIVE;
				GCC_WARN_UNUSED_FUNCTION = YES;
				GCC_WARN_UNUSED_VARIABLE = YES;
				IPHONEOS_DEPLOYMENT_TARGET = 16.2;
				MTL_ENABLE_DEBUG_INFO = INCLUDE_SOURCE;
				MTL_FAST_MATH = YES;
				ONLY_ACTIVE_ARCH = YES;
				SDKROOT = iphoneos;
				SWIFT_ACTIVE_COMPILATION_CONDITIONS = DEBUG;
				SWIFT_OPTIMIZATION_LEVEL = "-Onone";
			};
			name = Debug;
		};
		89F6E4A929F9AB9E00558BD2 /* Release */ = {
			isa = XCBuildConfiguration;
			buildSettings = {
				ALWAYS_SEARCH_USER_PATHS = NO;
				CLANG_ANALYZER_NONNULL = YES;
				CLANG_ANALYZER_NUMBER_OBJECT_CONVERSION = YES_AGGRESSIVE;
				CLANG_CXX_LANGUAGE_STANDARD = "gnu++20";
				CLANG_ENABLE_MODULES = YES;
				CLANG_ENABLE_OBJC_ARC = YES;
				CLANG_ENABLE_OBJC_WEAK = YES;
				CLANG_WARN_BLOCK_CAPTURE_AUTORELEASING = YES;
				CLANG_WARN_BOOL_CONVERSION = YES;
				CLANG_WARN_COMMA = YES;
				CLANG_WARN_CONSTANT_CONVERSION = YES;
				CLANG_WARN_DEPRECATED_OBJC_IMPLEMENTATIONS = YES;
				CLANG_WARN_DIRECT_OBJC_ISA_USAGE = YES_ERROR;
				CLANG_WARN_DOCUMENTATION_COMMENTS = YES;
				CLANG_WARN_EMPTY_BODY = YES;
				CLANG_WARN_ENUM_CONVERSION = YES;
				CLANG_WARN_INFINITE_RECURSION = YES;
				CLANG_WARN_INT_CONVERSION = YES;
				CLANG_WARN_NON_LITERAL_NULL_CONVERSION = YES;
				CLANG_WARN_OBJC_IMPLICIT_RETAIN_SELF = YES;
				CLANG_WARN_OBJC_LITERAL_CONVERSION = YES;
				CLANG_WARN_OBJC_ROOT_CLASS = YES_ERROR;
				CLANG_WARN_QUOTED_INCLUDE_IN_FRAMEWORK_HEADER = YES;
				CLANG_WARN_RANGE_LOOP_ANALYSIS = YES;
				CLANG_WARN_STRICT_PROTOTYPES = YES;
				CLANG_WARN_SUSPICIOUS_MOVE = YES;
				CLANG_WARN_UNGUARDED_AVAILABILITY = YES_AGGRESSIVE;
				CLANG_WARN_UNREACHABLE_CODE = YES;
				CLANG_WARN__DUPLICATE_METHOD_MATCH = YES;
				COPY_PHASE_STRIP = NO;
				DEBUG_INFORMATION_FORMAT = "dwarf-with-dsym";
				ENABLE_NS_ASSERTIONS = NO;
				ENABLE_STRICT_OBJC_MSGSEND = YES;
				GCC_C_LANGUAGE_STANDARD = gnu11;
				GCC_NO_COMMON_BLOCKS = YES;
				GCC_WARN_64_TO_32_BIT_CONVERSION = YES;
				GCC_WARN_ABOUT_RETURN_TYPE = YES_ERROR;
				GCC_WARN_UNDECLARED_SELECTOR = YES;
				GCC_WARN_UNINITIALIZED_AUTOS = YES_AGGRESSIVE;
				GCC_WARN_UNUSED_FUNCTION = YES;
				GCC_WARN_UNUSED_VARIABLE = YES;
				IPHONEOS_DEPLOYMENT_TARGET = 16.2;
				MTL_ENABLE_DEBUG_INFO = NO;
				MTL_FAST_MATH = YES;
				SDKROOT = iphoneos;
				SWIFT_COMPILATION_MODE = wholemodule;
				SWIFT_OPTIMIZATION_LEVEL = "-O";
				VALIDATE_PRODUCT = YES;
			};
			name = Release;
		};
		89F6E4AB29F9AB9E00558BD2 /* Debug */ = {
			isa = XCBuildConfiguration;
			buildSettings = {
				ASSETCATALOG_COMPILER_APPICON_NAME = AppIcon;
				ASSETCATALOG_COMPILER_GLOBAL_ACCENT_COLOR_NAME = AccentColor;
				CODE_SIGN_STYLE = Automatic;
				CURRENT_PROJECT_VERSION = 1;
				DEVELOPMENT_ASSET_PATHS = "\"SwiftAuthentification/Preview Content\"";
				DEVELOPMENT_TEAM = Q74S5HK38M;
				ENABLE_PREVIEWS = YES;
				GENERATE_INFOPLIST_FILE = YES;
				INFOPLIST_KEY_UIApplicationSceneManifest_Generation = YES;
				INFOPLIST_KEY_UIApplicationSupportsIndirectInputEvents = YES;
				INFOPLIST_KEY_UILaunchScreen_Generation = YES;
				INFOPLIST_KEY_UISupportedInterfaceOrientations_iPad = "UIInterfaceOrientationPortrait UIInterfaceOrientationPortraitUpsideDown UIInterfaceOrientationLandscapeLeft UIInterfaceOrientationLandscapeRight";
				INFOPLIST_KEY_UISupportedInterfaceOrientations_iPhone = "UIInterfaceOrientationPortrait UIInterfaceOrientationLandscapeLeft UIInterfaceOrientationLandscapeRight";
				LD_RUNPATH_SEARCH_PATHS = (
					"$(inherited)",
					"@executable_path/Frameworks",
				);
				MARKETING_VERSION = 1.0;
				PRODUCT_BUNDLE_IDENTIFIER = com.Leo.SwiftAuthentification;
				PRODUCT_NAME = "$(TARGET_NAME)";
				SWIFT_EMIT_LOC_STRINGS = YES;
				SWIFT_VERSION = 5.0;
				TARGETED_DEVICE_FAMILY = "1,2";
			};
			name = Debug;
		};
		89F6E4AC29F9AB9E00558BD2 /* Release */ = {
			isa = XCBuildConfiguration;
			buildSettings = {
				ASSETCATALOG_COMPILER_APPICON_NAME = AppIcon;
				ASSETCATALOG_COMPILER_GLOBAL_ACCENT_COLOR_NAME = AccentColor;
				CODE_SIGN_STYLE = Automatic;
				CURRENT_PROJECT_VERSION = 1;
				DEVELOPMENT_ASSET_PATHS = "\"SwiftAuthentification/Preview Content\"";
				DEVELOPMENT_TEAM = Q74S5HK38M;
				ENABLE_PREVIEWS = YES;
				GENERATE_INFOPLIST_FILE = YES;
				INFOPLIST_KEY_UIApplicationSceneManifest_Generation = YES;
				INFOPLIST_KEY_UIApplicationSupportsIndirectInputEvents = YES;
				INFOPLIST_KEY_UILaunchScreen_Generation = YES;
				INFOPLIST_KEY_UISupportedInterfaceOrientations_iPad = "UIInterfaceOrientationPortrait UIInterfaceOrientationPortraitUpsideDown UIInterfaceOrientationLandscapeLeft UIInterfaceOrientationLandscapeRight";
				INFOPLIST_KEY_UISupportedInterfaceOrientations_iPhone = "UIInterfaceOrientationPortrait UIInterfaceOrientationLandscapeLeft UIInterfaceOrientationLandscapeRight";
				LD_RUNPATH_SEARCH_PATHS = (
					"$(inherited)",
					"@executable_path/Frameworks",
				);
				MARKETING_VERSION = 1.0;
				PRODUCT_BUNDLE_IDENTIFIER = com.Leo.SwiftAuthentification;
				PRODUCT_NAME = "$(TARGET_NAME)";
				SWIFT_EMIT_LOC_STRINGS = YES;
				SWIFT_VERSION = 5.0;
				TARGETED_DEVICE_FAMILY = "1,2";
			};
			name = Release;
		};
/* End XCBuildConfiguration section */

/* Begin XCConfigurationList section */
		89F6E49729F9AB9800558BD2 /* Build configuration list for PBXProject "SwiftAuthentification" */ = {
			isa = XCConfigurationList;
			buildConfigurations = (
				89F6E4A829F9AB9E00558BD2 /* Debug */,
				89F6E4A929F9AB9E00558BD2 /* Release */,
			);
			defaultConfigurationIsVisible = 0;
			defaultConfigurationName = Release;
		};
		89F6E4AA29F9AB9E00558BD2 /* Build configuration list for PBXNativeTarget "SwiftAuthentification" */ = {
			isa = XCConfigurationList;
			buildConfigurations = (
				89F6E4AB29F9AB9E00558BD2 /* Debug */,
				89F6E4AC29F9AB9E00558BD2 /* Release */,
			);
			defaultConfigurationIsVisible = 0;
			defaultConfigurationName = Release;
		};
/* End XCConfigurationList section */

/* Begin XCRemoteSwiftPackageReference section */
		897B500829FBFCBD00EE46F8 /* XCRemoteSwiftPackageReference "firebase-ios-sdk" */ = {
			isa = XCRemoteSwiftPackageReference;
			repositoryURL = "https://github.com/firebase/firebase-ios-sdk";
			requirement = {
				kind = upToNextMajorVersion;
				minimumVersion = 10.4.0;
			};
		};
/* End XCRemoteSwiftPackageReference section */

/* Begin XCSwiftPackageProductDependency section */
		897B500929FBFCBD00EE46F8 /* FirebaseAuth */ = {
			isa = XCSwiftPackageProductDependency;
			package = 897B500829FBFCBD00EE46F8 /* XCRemoteSwiftPackageReference "firebase-ios-sdk" */;
			productName = FirebaseAuth;
		};
		897B500B29FBFCBD00EE46F8 /* FirebaseFirestore */ = {
			isa = XCSwiftPackageProductDependency;
			package = 897B500829FBFCBD00EE46F8 /* XCRemoteSwiftPackageReference "firebase-ios-sdk" */;
			productName = FirebaseFirestore;
		};
/* End XCSwiftPackageProductDependency section */
	};
	rootObject = 89F6E49429F9AB9800558BD2 /* Project object */;
}
